// !$*UTF8*$!
{
	archiveVersion = 1;
	classes = {
	};
	objectVersion = 51;
	objects = {

/* Begin PBXBuildFile section */
		58609CF38ABDB9E5C88A37BC /* Pods_Musickify_MusickifyUITests.framework in Frameworks */ = {isa = PBXBuildFile; fileRef = DE77A95DF6D6330C61BF4161 /* Pods_Musickify_MusickifyUITests.framework */; };
		B0261A5326C05E9D004EEF5A /* NewReleasesCellViewModel.swift in Sources */ = {isa = PBXBuildFile; fileRef = B0261A5226C05E9D004EEF5A /* NewReleasesCellViewModel.swift */; };
		B029CD9F26A4A8FB00334515 /* AppDelegate.swift in Sources */ = {isa = PBXBuildFile; fileRef = B029CD9E26A4A8FB00334515 /* AppDelegate.swift */; };
		B029CDA126A4A8FB00334515 /* SceneDelegate.swift in Sources */ = {isa = PBXBuildFile; fileRef = B029CDA026A4A8FB00334515 /* SceneDelegate.swift */; };
		B029CDA326A4A8FB00334515 /* HomeVC.swift in Sources */ = {isa = PBXBuildFile; fileRef = B029CDA226A4A8FB00334515 /* HomeVC.swift */; };
		B029CDA826A4A8FD00334515 /* Assets.xcassets in Resources */ = {isa = PBXBuildFile; fileRef = B029CDA726A4A8FD00334515 /* Assets.xcassets */; };
		B029CDAB26A4A8FD00334515 /* LaunchScreen.storyboard in Resources */ = {isa = PBXBuildFile; fileRef = B029CDA926A4A8FD00334515 /* LaunchScreen.storyboard */; };
		B029CDB626A4A8FD00334515 /* MusickifyTests.swift in Sources */ = {isa = PBXBuildFile; fileRef = B029CDB526A4A8FD00334515 /* MusickifyTests.swift */; };
		B029CDC126A4A8FD00334515 /* MusickifyUITests.swift in Sources */ = {isa = PBXBuildFile; fileRef = B029CDC026A4A8FD00334515 /* MusickifyUITests.swift */; };
		B029CDDF26A4AE4800334515 /* TabBarVC.swift in Sources */ = {isa = PBXBuildFile; fileRef = B029CDDE26A4AE4800334515 /* TabBarVC.swift */; };
		B029CDEA26A4AE9000334515 /* SearchVC.swift in Sources */ = {isa = PBXBuildFile; fileRef = B029CDE926A4AE9000334515 /* SearchVC.swift */; };
		B029CDEF26A4AEA800334515 /* LibraryVC.swift in Sources */ = {isa = PBXBuildFile; fileRef = B029CDEE26A4AEA800334515 /* LibraryVC.swift */; };
		B029CDF426A4AEB600334515 /* LoginVC.swift in Sources */ = {isa = PBXBuildFile; fileRef = B029CDF326A4AEB600334515 /* LoginVC.swift */; };
		B029CDF926A4AECE00334515 /* WelcomeVC.swift in Sources */ = {isa = PBXBuildFile; fileRef = B029CDF826A4AECE00334515 /* WelcomeVC.swift */; };
		B029CDFE26A4AEDC00334515 /* SettingsVC.swift in Sources */ = {isa = PBXBuildFile; fileRef = B029CDFD26A4AEDC00334515 /* SettingsVC.swift */; };
		B029CE0326A4AEE900334515 /* ProfileVC.swift in Sources */ = {isa = PBXBuildFile; fileRef = B029CE0226A4AEE900334515 /* ProfileVC.swift */; };
		B029CE0826A4AEF700334515 /* PlayerVC.swift in Sources */ = {isa = PBXBuildFile; fileRef = B029CE0726A4AEF700334515 /* PlayerVC.swift */; };
		B029CE0D26A4AF0A00334515 /* PlaylistVC.swift in Sources */ = {isa = PBXBuildFile; fileRef = B029CE0C26A4AF0A00334515 /* PlaylistVC.swift */; };
		B029CE1226A4AF3400334515 /* SearchResultsVC.swift in Sources */ = {isa = PBXBuildFile; fileRef = B029CE1126A4AF3400334515 /* SearchResultsVC.swift */; };
		B029CE1726A4AFA900334515 /* AuthManager.swift in Sources */ = {isa = PBXBuildFile; fileRef = B029CE1626A4AFA900334515 /* AuthManager.swift */; };
		B029CE1C26A4AFCC00334515 /* NetworkManager.swift in Sources */ = {isa = PBXBuildFile; fileRef = B029CE1B26A4AFCC00334515 /* NetworkManager.swift */; };
		B029CE2126A4AFDA00334515 /* HapticsManager.swift in Sources */ = {isa = PBXBuildFile; fileRef = B029CE2026A4AFDA00334515 /* HapticsManager.swift */; };
		B029CE2626A4B03100334515 /* Playlist.swift in Sources */ = {isa = PBXBuildFile; fileRef = B029CE2526A4B03100334515 /* Playlist.swift */; };
		B029CE2B26A4B03E00334515 /* AudioTrack.swift in Sources */ = {isa = PBXBuildFile; fileRef = B029CE2A26A4B03E00334515 /* AudioTrack.swift */; };
		B029CE3026A4B04F00334515 /* Artist.swift in Sources */ = {isa = PBXBuildFile; fileRef = B029CE2F26A4B04F00334515 /* Artist.swift */; };
		B029CE3526A4B05C00334515 /* UserProfile.swift in Sources */ = {isa = PBXBuildFile; fileRef = B029CE3426A4B05C00334515 /* UserProfile.swift */; };
		B043829226AF38EC00A2F809 /* NewReleases.swift in Sources */ = {isa = PBXBuildFile; fileRef = B043829126AF38EC00A2F809 /* NewReleases.swift */; };
		B043829726AF39AD00A2F809 /* APIImage.swift in Sources */ = {isa = PBXBuildFile; fileRef = B043829626AF39AD00A2F809 /* APIImage.swift */; };
		B04382AF26AF3D8B00A2F809 /* FeaturedPlaylists.swift in Sources */ = {isa = PBXBuildFile; fileRef = B04382AE26AF3D8B00A2F809 /* FeaturedPlaylists.swift */; };
		B04382B426AF400D00A2F809 /* RecommendedGenres.swift in Sources */ = {isa = PBXBuildFile; fileRef = B04382B326AF400D00A2F809 /* RecommendedGenres.swift */; };
		B04382B926AF438600A2F809 /* Recommendations.swift in Sources */ = {isa = PBXBuildFile; fileRef = B04382B826AF438500A2F809 /* Recommendations.swift */; };
		B04382BF26AFD31800A2F809 /* NewReleaseCVC.swift in Sources */ = {isa = PBXBuildFile; fileRef = B04382BE26AFD31800A2F809 /* NewReleaseCVC.swift */; };
		B04382CA26AFD35B00A2F809 /* FeaturedPlaylistCVC.swift in Sources */ = {isa = PBXBuildFile; fileRef = B04382C926AFD35B00A2F809 /* FeaturedPlaylistCVC.swift */; };
		B04382CF26AFD37D00A2F809 /* RecommendedTrackCVC.swift in Sources */ = {isa = PBXBuildFile; fileRef = B04382CE26AFD37D00A2F809 /* RecommendedTrackCVC.swift */; };
		B0A4651426A5F79E00BFAE6E /* Extensions.swift in Sources */ = {isa = PBXBuildFile; fileRef = B0A4651326A5F79E00BFAE6E /* Extensions.swift */; };
		B0A4651926A7C4FD00BFAE6E /* AuthResponse.swift in Sources */ = {isa = PBXBuildFile; fileRef = B0A4651826A7C4FD00BFAE6E /* AuthResponse.swift */; };
		B0D7337926A82BDF00E19503 /* Settings.swift in Sources */ = {isa = PBXBuildFile; fileRef = B0D7337826A82BDF00E19503 /* Settings.swift */; };
		BE604168ADDD9090A5A71ECB /* Pods_MusickifyTests.framework in Frameworks */ = {isa = PBXBuildFile; fileRef = 9034E2F8EB4F5A1C4A5511D4 /* Pods_MusickifyTests.framework */; };
		EB26D2F6C515CCBAFF389869 /* Pods_Musickify.framework in Frameworks */ = {isa = PBXBuildFile; fileRef = 8153C528707620E29D2CB871 /* Pods_Musickify.framework */; };
/* End PBXBuildFile section */

/* Begin PBXContainerItemProxy section */
		B029CDB226A4A8FD00334515 /* PBXContainerItemProxy */ = {
			isa = PBXContainerItemProxy;
			containerPortal = B029CD9326A4A8FB00334515 /* Project object */;
			proxyType = 1;
			remoteGlobalIDString = B029CD9A26A4A8FB00334515;
			remoteInfo = Musickify;
		};
		B029CDBD26A4A8FD00334515 /* PBXContainerItemProxy */ = {
			isa = PBXContainerItemProxy;
			containerPortal = B029CD9326A4A8FB00334515 /* Project object */;
			proxyType = 1;
			remoteGlobalIDString = B029CD9A26A4A8FB00334515;
			remoteInfo = Musickify;
		};
/* End PBXContainerItemProxy section */

/* Begin PBXFileReference section */
		225312972E37B1CACBBC9C9A /* Pods-Musickify.debug.xcconfig */ = {isa = PBXFileReference; includeInIndex = 1; lastKnownFileType = text.xcconfig; name = "Pods-Musickify.debug.xcconfig"; path = "Target Support Files/Pods-Musickify/Pods-Musickify.debug.xcconfig"; sourceTree = "<group>"; };
		3A1E4089FDF1BA5D48B3810E /* Pods-MusickifyTests.release.xcconfig */ = {isa = PBXFileReference; includeInIndex = 1; lastKnownFileType = text.xcconfig; name = "Pods-MusickifyTests.release.xcconfig"; path = "Target Support Files/Pods-MusickifyTests/Pods-MusickifyTests.release.xcconfig"; sourceTree = "<group>"; };
		744D78D74179DD0C45055322 /* Pods-Musickify.release.xcconfig */ = {isa = PBXFileReference; includeInIndex = 1; lastKnownFileType = text.xcconfig; name = "Pods-Musickify.release.xcconfig"; path = "Target Support Files/Pods-Musickify/Pods-Musickify.release.xcconfig"; sourceTree = "<group>"; };
		8153C528707620E29D2CB871 /* Pods_Musickify.framework */ = {isa = PBXFileReference; explicitFileType = wrapper.framework; includeInIndex = 0; path = Pods_Musickify.framework; sourceTree = BUILT_PRODUCTS_DIR; };
		9034E2F8EB4F5A1C4A5511D4 /* Pods_MusickifyTests.framework */ = {isa = PBXFileReference; explicitFileType = wrapper.framework; includeInIndex = 0; path = Pods_MusickifyTests.framework; sourceTree = BUILT_PRODUCTS_DIR; };
		9FF5F287A3182AA0B3CC8984 /* Pods-MusickifyTests.debug.xcconfig */ = {isa = PBXFileReference; includeInIndex = 1; lastKnownFileType = text.xcconfig; name = "Pods-MusickifyTests.debug.xcconfig"; path = "Target Support Files/Pods-MusickifyTests/Pods-MusickifyTests.debug.xcconfig"; sourceTree = "<group>"; };
		B0261A5226C05E9D004EEF5A /* NewReleasesCellViewModel.swift */ = {isa = PBXFileReference; lastKnownFileType = sourcecode.swift; path = NewReleasesCellViewModel.swift; sourceTree = "<group>"; };
		B029CD9B26A4A8FB00334515 /* Musickify.app */ = {isa = PBXFileReference; explicitFileType = wrapper.application; includeInIndex = 0; path = Musickify.app; sourceTree = BUILT_PRODUCTS_DIR; };
		B029CD9E26A4A8FB00334515 /* AppDelegate.swift */ = {isa = PBXFileReference; lastKnownFileType = sourcecode.swift; path = AppDelegate.swift; sourceTree = "<group>"; };
		B029CDA026A4A8FB00334515 /* SceneDelegate.swift */ = {isa = PBXFileReference; lastKnownFileType = sourcecode.swift; path = SceneDelegate.swift; sourceTree = "<group>"; };
		B029CDA226A4A8FB00334515 /* HomeVC.swift */ = {isa = PBXFileReference; lastKnownFileType = sourcecode.swift; path = HomeVC.swift; sourceTree = "<group>"; };
		B029CDA726A4A8FD00334515 /* Assets.xcassets */ = {isa = PBXFileReference; lastKnownFileType = folder.assetcatalog; path = Assets.xcassets; sourceTree = "<group>"; };
		B029CDAA26A4A8FD00334515 /* Base */ = {isa = PBXFileReference; lastKnownFileType = file.storyboard; name = Base; path = Base.lproj/LaunchScreen.storyboard; sourceTree = "<group>"; };
		B029CDAC26A4A8FD00334515 /* Info.plist */ = {isa = PBXFileReference; lastKnownFileType = text.plist.xml; path = Info.plist; sourceTree = "<group>"; };
		B029CDB126A4A8FD00334515 /* MusickifyTests.xctest */ = {isa = PBXFileReference; explicitFileType = wrapper.cfbundle; includeInIndex = 0; path = MusickifyTests.xctest; sourceTree = BUILT_PRODUCTS_DIR; };
		B029CDB526A4A8FD00334515 /* MusickifyTests.swift */ = {isa = PBXFileReference; lastKnownFileType = sourcecode.swift; path = MusickifyTests.swift; sourceTree = "<group>"; };
		B029CDB726A4A8FD00334515 /* Info.plist */ = {isa = PBXFileReference; lastKnownFileType = text.plist.xml; path = Info.plist; sourceTree = "<group>"; };
		B029CDBC26A4A8FD00334515 /* MusickifyUITests.xctest */ = {isa = PBXFileReference; explicitFileType = wrapper.cfbundle; includeInIndex = 0; path = MusickifyUITests.xctest; sourceTree = BUILT_PRODUCTS_DIR; };
		B029CDC026A4A8FD00334515 /* MusickifyUITests.swift */ = {isa = PBXFileReference; lastKnownFileType = sourcecode.swift; path = MusickifyUITests.swift; sourceTree = "<group>"; };
		B029CDC226A4A8FE00334515 /* Info.plist */ = {isa = PBXFileReference; lastKnownFileType = text.plist.xml; path = Info.plist; sourceTree = "<group>"; };
		B029CDDE26A4AE4800334515 /* TabBarVC.swift */ = {isa = PBXFileReference; lastKnownFileType = sourcecode.swift; path = TabBarVC.swift; sourceTree = "<group>"; };
		B029CDE926A4AE9000334515 /* SearchVC.swift */ = {isa = PBXFileReference; lastKnownFileType = sourcecode.swift; path = SearchVC.swift; sourceTree = "<group>"; };
		B029CDEE26A4AEA800334515 /* LibraryVC.swift */ = {isa = PBXFileReference; lastKnownFileType = sourcecode.swift; path = LibraryVC.swift; sourceTree = "<group>"; };
		B029CDF326A4AEB600334515 /* LoginVC.swift */ = {isa = PBXFileReference; lastKnownFileType = sourcecode.swift; path = LoginVC.swift; sourceTree = "<group>"; };
		B029CDF826A4AECE00334515 /* WelcomeVC.swift */ = {isa = PBXFileReference; lastKnownFileType = sourcecode.swift; path = WelcomeVC.swift; sourceTree = "<group>"; };
		B029CDFD26A4AEDC00334515 /* SettingsVC.swift */ = {isa = PBXFileReference; lastKnownFileType = sourcecode.swift; path = SettingsVC.swift; sourceTree = "<group>"; };
		B029CE0226A4AEE900334515 /* ProfileVC.swift */ = {isa = PBXFileReference; lastKnownFileType = sourcecode.swift; path = ProfileVC.swift; sourceTree = "<group>"; };
		B029CE0726A4AEF700334515 /* PlayerVC.swift */ = {isa = PBXFileReference; lastKnownFileType = sourcecode.swift; path = PlayerVC.swift; sourceTree = "<group>"; };
		B029CE0C26A4AF0A00334515 /* PlaylistVC.swift */ = {isa = PBXFileReference; lastKnownFileType = sourcecode.swift; path = PlaylistVC.swift; sourceTree = "<group>"; };
		B029CE1126A4AF3400334515 /* SearchResultsVC.swift */ = {isa = PBXFileReference; lastKnownFileType = sourcecode.swift; path = SearchResultsVC.swift; sourceTree = "<group>"; };
		B029CE1626A4AFA900334515 /* AuthManager.swift */ = {isa = PBXFileReference; lastKnownFileType = sourcecode.swift; path = AuthManager.swift; sourceTree = "<group>"; };
		B029CE1B26A4AFCC00334515 /* NetworkManager.swift */ = {isa = PBXFileReference; lastKnownFileType = sourcecode.swift; path = NetworkManager.swift; sourceTree = "<group>"; };
		B029CE2026A4AFDA00334515 /* HapticsManager.swift */ = {isa = PBXFileReference; lastKnownFileType = sourcecode.swift; path = HapticsManager.swift; sourceTree = "<group>"; };
		B029CE2526A4B03100334515 /* Playlist.swift */ = {isa = PBXFileReference; lastKnownFileType = sourcecode.swift; path = Playlist.swift; sourceTree = "<group>"; };
		B029CE2A26A4B03E00334515 /* AudioTrack.swift */ = {isa = PBXFileReference; lastKnownFileType = sourcecode.swift; path = AudioTrack.swift; sourceTree = "<group>"; };
		B029CE2F26A4B04F00334515 /* Artist.swift */ = {isa = PBXFileReference; lastKnownFileType = sourcecode.swift; path = Artist.swift; sourceTree = "<group>"; };
		B029CE3426A4B05C00334515 /* UserProfile.swift */ = {isa = PBXFileReference; lastKnownFileType = sourcecode.swift; path = UserProfile.swift; sourceTree = "<group>"; };
		B043829126AF38EC00A2F809 /* NewReleases.swift */ = {isa = PBXFileReference; lastKnownFileType = sourcecode.swift; path = NewReleases.swift; sourceTree = "<group>"; };
		B043829626AF39AD00A2F809 /* APIImage.swift */ = {isa = PBXFileReference; lastKnownFileType = sourcecode.swift; path = APIImage.swift; sourceTree = "<group>"; };
		B04382AE26AF3D8B00A2F809 /* FeaturedPlaylists.swift */ = {isa = PBXFileReference; lastKnownFileType = sourcecode.swift; path = FeaturedPlaylists.swift; sourceTree = "<group>"; };
		B04382B326AF400D00A2F809 /* RecommendedGenres.swift */ = {isa = PBXFileReference; lastKnownFileType = sourcecode.swift; path = RecommendedGenres.swift; sourceTree = "<group>"; };
		B04382B826AF438500A2F809 /* Recommendations.swift */ = {isa = PBXFileReference; lastKnownFileType = sourcecode.swift; path = Recommendations.swift; sourceTree = "<group>"; };
		B04382BE26AFD31800A2F809 /* NewReleaseCVC.swift */ = {isa = PBXFileReference; lastKnownFileType = sourcecode.swift; path = NewReleaseCVC.swift; sourceTree = "<group>"; };
		B04382C926AFD35B00A2F809 /* FeaturedPlaylistCVC.swift */ = {isa = PBXFileReference; lastKnownFileType = sourcecode.swift; path = FeaturedPlaylistCVC.swift; sourceTree = "<group>"; };
		B04382CE26AFD37D00A2F809 /* RecommendedTrackCVC.swift */ = {isa = PBXFileReference; lastKnownFileType = sourcecode.swift; path = RecommendedTrackCVC.swift; sourceTree = "<group>"; };
		B0A4651326A5F79E00BFAE6E /* Extensions.swift */ = {isa = PBXFileReference; lastKnownFileType = sourcecode.swift; path = Extensions.swift; sourceTree = "<group>"; };
		B0A4651826A7C4FD00BFAE6E /* AuthResponse.swift */ = {isa = PBXFileReference; lastKnownFileType = sourcecode.swift; path = AuthResponse.swift; sourceTree = "<group>"; };
		B0D7337826A82BDF00E19503 /* Settings.swift */ = {isa = PBXFileReference; lastKnownFileType = sourcecode.swift; path = Settings.swift; sourceTree = "<group>"; };
		D0E01D163EF2C343D24F3A11 /* Pods-Musickify-MusickifyUITests.debug.xcconfig */ = {isa = PBXFileReference; includeInIndex = 1; lastKnownFileType = text.xcconfig; name = "Pods-Musickify-MusickifyUITests.debug.xcconfig"; path = "Target Support Files/Pods-Musickify-MusickifyUITests/Pods-Musickify-MusickifyUITests.debug.xcconfig"; sourceTree = "<group>"; };
		DE77A95DF6D6330C61BF4161 /* Pods_Musickify_MusickifyUITests.framework */ = {isa = PBXFileReference; explicitFileType = wrapper.framework; includeInIndex = 0; path = Pods_Musickify_MusickifyUITests.framework; sourceTree = BUILT_PRODUCTS_DIR; };
		F75C5DC5D546C63CA365C142 /* Pods-Musickify-MusickifyUITests.release.xcconfig */ = {isa = PBXFileReference; includeInIndex = 1; lastKnownFileType = text.xcconfig; name = "Pods-Musickify-MusickifyUITests.release.xcconfig"; path = "Target Support Files/Pods-Musickify-MusickifyUITests/Pods-Musickify-MusickifyUITests.release.xcconfig"; sourceTree = "<group>"; };
/* End PBXFileReference section */

/* Begin PBXFrameworksBuildPhase section */
		B029CD9826A4A8FB00334515 /* Frameworks */ = {
			isa = PBXFrameworksBuildPhase;
			buildActionMask = 2147483647;
			files = (
				EB26D2F6C515CCBAFF389869 /* Pods_Musickify.framework in Frameworks */,
			);
			runOnlyForDeploymentPostprocessing = 0;
		};
		B029CDAE26A4A8FD00334515 /* Frameworks */ = {
			isa = PBXFrameworksBuildPhase;
			buildActionMask = 2147483647;
			files = (
				BE604168ADDD9090A5A71ECB /* Pods_MusickifyTests.framework in Frameworks */,
			);
			runOnlyForDeploymentPostprocessing = 0;
		};
		B029CDB926A4A8FD00334515 /* Frameworks */ = {
			isa = PBXFrameworksBuildPhase;
			buildActionMask = 2147483647;
			files = (
				58609CF38ABDB9E5C88A37BC /* Pods_Musickify_MusickifyUITests.framework in Frameworks */,
			);
			runOnlyForDeploymentPostprocessing = 0;
		};
/* End PBXFrameworksBuildPhase section */

/* Begin PBXGroup section */
		1E64F64D4A5623D2D731B9A2 /* Frameworks */ = {
			isa = PBXGroup;
			children = (
				8153C528707620E29D2CB871 /* Pods_Musickify.framework */,
				DE77A95DF6D6330C61BF4161 /* Pods_Musickify_MusickifyUITests.framework */,
				9034E2F8EB4F5A1C4A5511D4 /* Pods_MusickifyTests.framework */,
			);
			name = Frameworks;
			sourceTree = "<group>";
		};
		B029CD9226A4A8FB00334515 = {
			isa = PBXGroup;
			children = (
				B029CD9D26A4A8FB00334515 /* Musickify */,
				B029CDB426A4A8FD00334515 /* MusickifyTests */,
				B029CDBF26A4A8FD00334515 /* MusickifyUITests */,
				B029CD9C26A4A8FB00334515 /* Products */,
				E0D8DC21D89CD8BEA9DD47DC /* Pods */,
				1E64F64D4A5623D2D731B9A2 /* Frameworks */,
			);
			sourceTree = "<group>";
		};
		B029CD9C26A4A8FB00334515 /* Products */ = {
			isa = PBXGroup;
			children = (
				B029CD9B26A4A8FB00334515 /* Musickify.app */,
				B029CDB126A4A8FD00334515 /* MusickifyTests.xctest */,
				B029CDBC26A4A8FD00334515 /* MusickifyUITests.xctest */,
			);
			name = Products;
			sourceTree = "<group>";
		};
		B029CD9D26A4A8FB00334515 /* Musickify */ = {
			isa = PBXGroup;
			children = (
				B029CDD626A4ABC000334515 /* Resources */,
				B029CDD526A4ABB500334515 /* Managers */,
				B029CDD126A4AB7600334515 /* Models */,
				B029CDD226A4AB7C00334515 /* ViewModels */,
				B029CDD326A4AB9100334515 /* Views */,
				B029CDD426A4ABA200334515 /* Controllers */,
				B029CDAC26A4A8FD00334515 /* Info.plist */,
			);
			path = Musickify;
			sourceTree = "<group>";
		};
		B029CDB426A4A8FD00334515 /* MusickifyTests */ = {
			isa = PBXGroup;
			children = (
				B029CDB526A4A8FD00334515 /* MusickifyTests.swift */,
				B029CDB726A4A8FD00334515 /* Info.plist */,
			);
			path = MusickifyTests;
			sourceTree = "<group>";
		};
		B029CDBF26A4A8FD00334515 /* MusickifyUITests */ = {
			isa = PBXGroup;
			children = (
				B029CDC026A4A8FD00334515 /* MusickifyUITests.swift */,
				B029CDC226A4A8FE00334515 /* Info.plist */,
			);
			path = MusickifyUITests;
			sourceTree = "<group>";
		};
		B029CDD126A4AB7600334515 /* Models */ = {
			isa = PBXGroup;
			children = (
				B029CE2526A4B03100334515 /* Playlist.swift */,
				B029CE2A26A4B03E00334515 /* AudioTrack.swift */,
				B029CE2F26A4B04F00334515 /* Artist.swift */,
				B029CE3426A4B05C00334515 /* UserProfile.swift */,
				B0A4651826A7C4FD00BFAE6E /* AuthResponse.swift */,
				B0D7337826A82BDF00E19503 /* Settings.swift */,
				B043829126AF38EC00A2F809 /* NewReleases.swift */,
				B043829626AF39AD00A2F809 /* APIImage.swift */,
				B04382AE26AF3D8B00A2F809 /* FeaturedPlaylists.swift */,
				B04382B326AF400D00A2F809 /* RecommendedGenres.swift */,
				B04382B826AF438500A2F809 /* Recommendations.swift */,
			);
			path = Models;
			sourceTree = "<group>";
		};
		B029CDD226A4AB7C00334515 /* ViewModels */ = {
			isa = PBXGroup;
			children = (
				B0261A5226C05E9D004EEF5A /* NewReleasesCellViewModel.swift */,
			);
			path = ViewModels;
			sourceTree = "<group>";
		};
		B029CDD326A4AB9100334515 /* Views */ = {
			isa = PBXGroup;
			children = (
				B04382BD26AFD2FA00A2F809 /* Browse */,
				B029CDA926A4A8FD00334515 /* LaunchScreen.storyboard */,
			);
			path = Views;
			sourceTree = "<group>";
		};
		B029CDD426A4ABA200334515 /* Controllers */ = {
			isa = PBXGroup;
			children = (
				B029CDDE26A4AE4800334515 /* TabBarVC.swift */,
				B029CDA226A4A8FB00334515 /* HomeVC.swift */,
				B029CDE926A4AE9000334515 /* SearchVC.swift */,
				B029CDEE26A4AEA800334515 /* LibraryVC.swift */,
				B029CDF326A4AEB600334515 /* LoginVC.swift */,
				B029CDF826A4AECE00334515 /* WelcomeVC.swift */,
				B029CDFD26A4AEDC00334515 /* SettingsVC.swift */,
				B029CE0226A4AEE900334515 /* ProfileVC.swift */,
				B029CE0726A4AEF700334515 /* PlayerVC.swift */,
				B029CE0C26A4AF0A00334515 /* PlaylistVC.swift */,
				B029CE1126A4AF3400334515 /* SearchResultsVC.swift */,
			);
			path = Controllers;
			sourceTree = "<group>";
		};
		B029CDD526A4ABB500334515 /* Managers */ = {
			isa = PBXGroup;
			children = (
				B029CE1626A4AFA900334515 /* AuthManager.swift */,
				B029CE1B26A4AFCC00334515 /* NetworkManager.swift */,
				B029CE2026A4AFDA00334515 /* HapticsManager.swift */,
			);
			path = Managers;
			sourceTree = "<group>";
		};
		B029CDD626A4ABC000334515 /* Resources */ = {
			isa = PBXGroup;
			children = (
				B029CDA726A4A8FD00334515 /* Assets.xcassets */,
				B029CD9E26A4A8FB00334515 /* AppDelegate.swift */,
				B029CDA026A4A8FB00334515 /* SceneDelegate.swift */,
				B0A4651326A5F79E00BFAE6E /* Extensions.swift */,
			);
			path = Resources;
			sourceTree = "<group>";
		};
		B04382BD26AFD2FA00A2F809 /* Browse */ = {
			isa = PBXGroup;
			children = (
				B04382BE26AFD31800A2F809 /* NewReleaseCVC.swift */,
				B04382C926AFD35B00A2F809 /* FeaturedPlaylistCVC.swift */,
				B04382CE26AFD37D00A2F809 /* RecommendedTrackCVC.swift */,
			);
			path = Browse;
			sourceTree = "<group>";
		};
		E0D8DC21D89CD8BEA9DD47DC /* Pods */ = {
			isa = PBXGroup;
			children = (
				225312972E37B1CACBBC9C9A /* Pods-Musickify.debug.xcconfig */,
				744D78D74179DD0C45055322 /* Pods-Musickify.release.xcconfig */,
				D0E01D163EF2C343D24F3A11 /* Pods-Musickify-MusickifyUITests.debug.xcconfig */,
				F75C5DC5D546C63CA365C142 /* Pods-Musickify-MusickifyUITests.release.xcconfig */,
				9FF5F287A3182AA0B3CC8984 /* Pods-MusickifyTests.debug.xcconfig */,
				3A1E4089FDF1BA5D48B3810E /* Pods-MusickifyTests.release.xcconfig */,
			);
			path = Pods;
			sourceTree = "<group>";
		};
/* End PBXGroup section */

/* Begin PBXNativeTarget section */
		B029CD9A26A4A8FB00334515 /* Musickify */ = {
			isa = PBXNativeTarget;
			buildConfigurationList = B029CDC526A4A8FE00334515 /* Build configuration list for PBXNativeTarget "Musickify" */;
			buildPhases = (
				9AFA800FF99BA73D8271407C /* [CP] Check Pods Manifest.lock */,
				B029CD9726A4A8FB00334515 /* Sources */,
				B029CD9826A4A8FB00334515 /* Frameworks */,
				B029CD9926A4A8FB00334515 /* Resources */,
				A602C4A2885A404040750BD1 /* [CP] Embed Pods Frameworks */,
			);
			buildRules = (
			);
			dependencies = (
			);
			name = Musickify;
			productName = Musickify;
			productReference = B029CD9B26A4A8FB00334515 /* Musickify.app */;
			productType = "com.apple.product-type.application";
		};
		B029CDB026A4A8FD00334515 /* MusickifyTests */ = {
			isa = PBXNativeTarget;
			buildConfigurationList = B029CDC826A4A8FE00334515 /* Build configuration list for PBXNativeTarget "MusickifyTests" */;
			buildPhases = (
				FA75A696052816785600BE97 /* [CP] Check Pods Manifest.lock */,
				B029CDAD26A4A8FD00334515 /* Sources */,
				B029CDAE26A4A8FD00334515 /* Frameworks */,
				B029CDAF26A4A8FD00334515 /* Resources */,
			);
			buildRules = (
			);
			dependencies = (
				B029CDB326A4A8FD00334515 /* PBXTargetDependency */,
			);
			name = MusickifyTests;
			productName = MusickifyTests;
			productReference = B029CDB126A4A8FD00334515 /* MusickifyTests.xctest */;
			productType = "com.apple.product-type.bundle.unit-test";
		};
		B029CDBB26A4A8FD00334515 /* MusickifyUITests */ = {
			isa = PBXNativeTarget;
			buildConfigurationList = B029CDCB26A4A8FE00334515 /* Build configuration list for PBXNativeTarget "MusickifyUITests" */;
			buildPhases = (
				D2B017AE6361C46F934DFFE7 /* [CP] Check Pods Manifest.lock */,
				B029CDB826A4A8FD00334515 /* Sources */,
				B029CDB926A4A8FD00334515 /* Frameworks */,
				B029CDBA26A4A8FD00334515 /* Resources */,
				E2189EA32B6C48AC72766740 /* [CP] Embed Pods Frameworks */,
			);
			buildRules = (
			);
			dependencies = (
				B029CDBE26A4A8FD00334515 /* PBXTargetDependency */,
			);
			name = MusickifyUITests;
			productName = MusickifyUITests;
			productReference = B029CDBC26A4A8FD00334515 /* MusickifyUITests.xctest */;
			productType = "com.apple.product-type.bundle.ui-testing";
		};
/* End PBXNativeTarget section */

/* Begin PBXProject section */
		B029CD9326A4A8FB00334515 /* Project object */ = {
			isa = PBXProject;
			attributes = {
				LastSwiftUpdateCheck = 1230;
				LastUpgradeCheck = 1230;
				TargetAttributes = {
					B029CD9A26A4A8FB00334515 = {
						CreatedOnToolsVersion = 12.3;
					};
					B029CDB026A4A8FD00334515 = {
						CreatedOnToolsVersion = 12.3;
						TestTargetID = B029CD9A26A4A8FB00334515;
					};
					B029CDBB26A4A8FD00334515 = {
						CreatedOnToolsVersion = 12.3;
						TestTargetID = B029CD9A26A4A8FB00334515;
					};
				};
			};
			buildConfigurationList = B029CD9626A4A8FB00334515 /* Build configuration list for PBXProject "Musickify" */;
			compatibilityVersion = "Xcode 9.3";
			developmentRegion = en;
			hasScannedForEncodings = 0;
			knownRegions = (
				en,
				Base,
			);
			mainGroup = B029CD9226A4A8FB00334515;
			productRefGroup = B029CD9C26A4A8FB00334515 /* Products */;
			projectDirPath = "";
			projectRoot = "";
			targets = (
				B029CD9A26A4A8FB00334515 /* Musickify */,
				B029CDB026A4A8FD00334515 /* MusickifyTests */,
				B029CDBB26A4A8FD00334515 /* MusickifyUITests */,
			);
		};
/* End PBXProject section */

/* Begin PBXResourcesBuildPhase section */
		B029CD9926A4A8FB00334515 /* Resources */ = {
			isa = PBXResourcesBuildPhase;
			buildActionMask = 2147483647;
			files = (
				B029CDAB26A4A8FD00334515 /* LaunchScreen.storyboard in Resources */,
				B029CDA826A4A8FD00334515 /* Assets.xcassets in Resources */,
			);
			runOnlyForDeploymentPostprocessing = 0;
		};
		B029CDAF26A4A8FD00334515 /* Resources */ = {
			isa = PBXResourcesBuildPhase;
			buildActionMask = 2147483647;
			files = (
			);
			runOnlyForDeploymentPostprocessing = 0;
		};
		B029CDBA26A4A8FD00334515 /* Resources */ = {
			isa = PBXResourcesBuildPhase;
			buildActionMask = 2147483647;
			files = (
			);
			runOnlyForDeploymentPostprocessing = 0;
		};
/* End PBXResourcesBuildPhase section */

/* Begin PBXShellScriptBuildPhase section */
		9AFA800FF99BA73D8271407C /* [CP] Check Pods Manifest.lock */ = {
			isa = PBXShellScriptBuildPhase;
			buildActionMask = 2147483647;
			files = (
			);
			inputFileListPaths = (
			);
			inputPaths = (
				"${PODS_PODFILE_DIR_PATH}/Podfile.lock",
				"${PODS_ROOT}/Manifest.lock",
			);
			name = "[CP] Check Pods Manifest.lock";
			outputFileListPaths = (
			);
			outputPaths = (
				"$(DERIVED_FILE_DIR)/Pods-Musickify-checkManifestLockResult.txt",
			);
			runOnlyForDeploymentPostprocessing = 0;
			shellPath = /bin/sh;
			shellScript = "diff \"${PODS_PODFILE_DIR_PATH}/Podfile.lock\" \"${PODS_ROOT}/Manifest.lock\" > /dev/null\nif [ $? != 0 ] ; then\n    # print error to STDERR\n    echo \"error: The sandbox is not in sync with the Podfile.lock. Run 'pod install' or update your CocoaPods installation.\" >&2\n    exit 1\nfi\n# This output is used by Xcode 'outputs' to avoid re-running this script phase.\necho \"SUCCESS\" > \"${SCRIPT_OUTPUT_FILE_0}\"\n";
			showEnvVarsInLog = 0;
		};
		A602C4A2885A404040750BD1 /* [CP] Embed Pods Frameworks */ = {
			isa = PBXShellScriptBuildPhase;
			buildActionMask = 2147483647;
			files = (
			);
			inputFileListPaths = (
				"${PODS_ROOT}/Target Support Files/Pods-Musickify/Pods-Musickify-frameworks-${CONFIGURATION}-input-files.xcfilelist",
			);
			name = "[CP] Embed Pods Frameworks";
			outputFileListPaths = (
				"${PODS_ROOT}/Target Support Files/Pods-Musickify/Pods-Musickify-frameworks-${CONFIGURATION}-output-files.xcfilelist",
			);
			runOnlyForDeploymentPostprocessing = 0;
			shellPath = /bin/sh;
			shellScript = "\"${PODS_ROOT}/Target Support Files/Pods-Musickify/Pods-Musickify-frameworks.sh\"\n";
			showEnvVarsInLog = 0;
		};
		D2B017AE6361C46F934DFFE7 /* [CP] Check Pods Manifest.lock */ = {
			isa = PBXShellScriptBuildPhase;
			buildActionMask = 2147483647;
			files = (
			);
			inputFileListPaths = (
			);
			inputPaths = (
				"${PODS_PODFILE_DIR_PATH}/Podfile.lock",
				"${PODS_ROOT}/Manifest.lock",
			);
			name = "[CP] Check Pods Manifest.lock";
			outputFileListPaths = (
			);
			outputPaths = (
				"$(DERIVED_FILE_DIR)/Pods-Musickify-MusickifyUITests-checkManifestLockResult.txt",
			);
			runOnlyForDeploymentPostprocessing = 0;
			shellPath = /bin/sh;
			shellScript = "diff \"${PODS_PODFILE_DIR_PATH}/Podfile.lock\" \"${PODS_ROOT}/Manifest.lock\" > /dev/null\nif [ $? != 0 ] ; then\n    # print error to STDERR\n    echo \"error: The sandbox is not in sync with the Podfile.lock. Run 'pod install' or update your CocoaPods installation.\" >&2\n    exit 1\nfi\n# This output is used by Xcode 'outputs' to avoid re-running this script phase.\necho \"SUCCESS\" > \"${SCRIPT_OUTPUT_FILE_0}\"\n";
			showEnvVarsInLog = 0;
		};
		E2189EA32B6C48AC72766740 /* [CP] Embed Pods Frameworks */ = {
			isa = PBXShellScriptBuildPhase;
			buildActionMask = 2147483647;
			files = (
			);
			inputFileListPaths = (
				"${PODS_ROOT}/Target Support Files/Pods-Musickify-MusickifyUITests/Pods-Musickify-MusickifyUITests-frameworks-${CONFIGURATION}-input-files.xcfilelist",
			);
			name = "[CP] Embed Pods Frameworks";
			outputFileListPaths = (
				"${PODS_ROOT}/Target Support Files/Pods-Musickify-MusickifyUITests/Pods-Musickify-MusickifyUITests-frameworks-${CONFIGURATION}-output-files.xcfilelist",
			);
			runOnlyForDeploymentPostprocessing = 0;
			shellPath = /bin/sh;
			shellScript = "\"${PODS_ROOT}/Target Support Files/Pods-Musickify-MusickifyUITests/Pods-Musickify-MusickifyUITests-frameworks.sh\"\n";
			showEnvVarsInLog = 0;
		};
		FA75A696052816785600BE97 /* [CP] Check Pods Manifest.lock */ = {
			isa = PBXShellScriptBuildPhase;
			buildActionMask = 2147483647;
			files = (
			);
			inputFileListPaths = (
			);
			inputPaths = (
				"${PODS_PODFILE_DIR_PATH}/Podfile.lock",
				"${PODS_ROOT}/Manifest.lock",
			);
			name = "[CP] Check Pods Manifest.lock";
			outputFileListPaths = (
			);
			outputPaths = (
				"$(DERIVED_FILE_DIR)/Pods-MusickifyTests-checkManifestLockResult.txt",
			);
			runOnlyForDeploymentPostprocessing = 0;
			shellPath = /bin/sh;
			shellScript = "diff \"${PODS_PODFILE_DIR_PATH}/Podfile.lock\" \"${PODS_ROOT}/Manifest.lock\" > /dev/null\nif [ $? != 0 ] ; then\n    # print error to STDERR\n    echo \"error: The sandbox is not in sync with the Podfile.lock. Run 'pod install' or update your CocoaPods installation.\" >&2\n    exit 1\nfi\n# This output is used by Xcode 'outputs' to avoid re-running this script phase.\necho \"SUCCESS\" > \"${SCRIPT_OUTPUT_FILE_0}\"\n";
			showEnvVarsInLog = 0;
		};
/* End PBXShellScriptBuildPhase section */

/* Begin PBXSourcesBuildPhase section */
		B029CD9726A4A8FB00334515 /* Sources */ = {
			isa = PBXSourcesBuildPhase;
			buildActionMask = 2147483647;
			files = (
				B029CE0326A4AEE900334515 /* ProfileVC.swift in Sources */,
				B029CE2626A4B03100334515 /* Playlist.swift in Sources */,
				B043829226AF38EC00A2F809 /* NewReleases.swift in Sources */,
				B0261A5326C05E9D004EEF5A /* NewReleasesCellViewModel.swift in Sources */,
				B029CE1726A4AFA900334515 /* AuthManager.swift in Sources */,
				B04382B926AF438600A2F809 /* Recommendations.swift in Sources */,
				B043829726AF39AD00A2F809 /* APIImage.swift in Sources */,
				B029CDA326A4A8FB00334515 /* HomeVC.swift in Sources */,
				B029CE0D26A4AF0A00334515 /* PlaylistVC.swift in Sources */,
				B04382BF26AFD31800A2F809 /* NewReleaseCVC.swift in Sources */,
				B029CDEA26A4AE9000334515 /* SearchVC.swift in Sources */,
				B04382CA26AFD35B00A2F809 /* FeaturedPlaylistCVC.swift in Sources */,
				B029CDF426A4AEB600334515 /* LoginVC.swift in Sources */,
				B04382AF26AF3D8B00A2F809 /* FeaturedPlaylists.swift in Sources */,
				B029CE2126A4AFDA00334515 /* HapticsManager.swift in Sources */,
				B0D7337926A82BDF00E19503 /* Settings.swift in Sources */,
				B0A4651926A7C4FD00BFAE6E /* AuthResponse.swift in Sources */,
				B029CE2B26A4B03E00334515 /* AudioTrack.swift in Sources */,
				B029CE1226A4AF3400334515 /* SearchResultsVC.swift in Sources */,
				B029CDEF26A4AEA800334515 /* LibraryVC.swift in Sources */,
				B029CD9F26A4A8FB00334515 /* AppDelegate.swift in Sources */,
				B029CE3526A4B05C00334515 /* UserProfile.swift in Sources */,
				B0A4651426A5F79E00BFAE6E /* Extensions.swift in Sources */,
				B029CDDF26A4AE4800334515 /* TabBarVC.swift in Sources */,
				B04382CF26AFD37D00A2F809 /* RecommendedTrackCVC.swift in Sources */,
				B029CE3026A4B04F00334515 /* Artist.swift in Sources */,
				B029CDA126A4A8FB00334515 /* SceneDelegate.swift in Sources */,
				B029CDF926A4AECE00334515 /* WelcomeVC.swift in Sources */,
				B029CE1C26A4AFCC00334515 /* NetworkManager.swift in Sources */,
				B029CDFE26A4AEDC00334515 /* SettingsVC.swift in Sources */,
				B029CE0826A4AEF700334515 /* PlayerVC.swift in Sources */,
				B04382B426AF400D00A2F809 /* RecommendedGenres.swift in Sources */,
			);
			runOnlyForDeploymentPostprocessing = 0;
		};
		B029CDAD26A4A8FD00334515 /* Sources */ = {
			isa = PBXSourcesBuildPhase;
			buildActionMask = 2147483647;
			files = (
				B029CDB626A4A8FD00334515 /* MusickifyTests.swift in Sources */,
			);
			runOnlyForDeploymentPostprocessing = 0;
		};
		B029CDB826A4A8FD00334515 /* Sources */ = {
			isa = PBXSourcesBuildPhase;
			buildActionMask = 2147483647;
			files = (
				B029CDC126A4A8FD00334515 /* MusickifyUITests.swift in Sources */,
			);
			runOnlyForDeploymentPostprocessing = 0;
		};
/* End PBXSourcesBuildPhase section */

/* Begin PBXTargetDependency section */
		B029CDB326A4A8FD00334515 /* PBXTargetDependency */ = {
			isa = PBXTargetDependency;
			target = B029CD9A26A4A8FB00334515 /* Musickify */;
			targetProxy = B029CDB226A4A8FD00334515 /* PBXContainerItemProxy */;
		};
		B029CDBE26A4A8FD00334515 /* PBXTargetDependency */ = {
			isa = PBXTargetDependency;
			target = B029CD9A26A4A8FB00334515 /* Musickify */;
			targetProxy = B029CDBD26A4A8FD00334515 /* PBXContainerItemProxy */;
		};
/* End PBXTargetDependency section */

/* Begin PBXVariantGroup section */
		B029CDA926A4A8FD00334515 /* LaunchScreen.storyboard */ = {
			isa = PBXVariantGroup;
			children = (
				B029CDAA26A4A8FD00334515 /* Base */,
			);
			name = LaunchScreen.storyboard;
			sourceTree = "<group>";
		};
/* End PBXVariantGroup section */

/* Begin XCBuildConfiguration section */
		B029CDC326A4A8FE00334515 /* Debug */ = {
			isa = XCBuildConfiguration;
			buildSettings = {
				ALWAYS_SEARCH_USER_PATHS = NO;
				CLANG_ANALYZER_NONNULL = YES;
				CLANG_ANALYZER_NUMBER_OBJECT_CONVERSION = YES_AGGRESSIVE;
				CLANG_CXX_LANGUAGE_STANDARD = "gnu++14";
				CLANG_CXX_LIBRARY = "libc++";
				CLANG_ENABLE_MODULES = YES;
				CLANG_ENABLE_OBJC_ARC = YES;
				CLANG_ENABLE_OBJC_WEAK = YES;
				CLANG_WARN_BLOCK_CAPTURE_AUTORELEASING = YES;
				CLANG_WARN_BOOL_CONVERSION = YES;
				CLANG_WARN_COMMA = YES;
				CLANG_WARN_CONSTANT_CONVERSION = YES;
				CLANG_WARN_DEPRECATED_OBJC_IMPLEMENTATIONS = YES;
				CLANG_WARN_DIRECT_OBJC_ISA_USAGE = YES_ERROR;
				CLANG_WARN_DOCUMENTATION_COMMENTS = YES;
				CLANG_WARN_EMPTY_BODY = YES;
				CLANG_WARN_ENUM_CONVERSION = YES;
				CLANG_WARN_INFINITE_RECURSION = YES;
				CLANG_WARN_INT_CONVERSION = YES;
				CLANG_WARN_NON_LITERAL_NULL_CONVERSION = YES;
				CLANG_WARN_OBJC_IMPLICIT_RETAIN_SELF = YES;
				CLANG_WARN_OBJC_LITERAL_CONVERSION = YES;
				CLANG_WARN_OBJC_ROOT_CLASS = YES_ERROR;
				CLANG_WARN_QUOTED_INCLUDE_IN_FRAMEWORK_HEADER = YES;
				CLANG_WARN_RANGE_LOOP_ANALYSIS = YES;
				CLANG_WARN_STRICT_PROTOTYPES = YES;
				CLANG_WARN_SUSPICIOUS_MOVE = YES;
				CLANG_WARN_UNGUARDED_AVAILABILITY = YES_AGGRESSIVE;
				CLANG_WARN_UNREACHABLE_CODE = YES;
				CLANG_WARN__DUPLICATE_METHOD_MATCH = YES;
				COPY_PHASE_STRIP = NO;
				DEBUG_INFORMATION_FORMAT = dwarf;
				ENABLE_STRICT_OBJC_MSGSEND = YES;
				ENABLE_TESTABILITY = YES;
				GCC_C_LANGUAGE_STANDARD = gnu11;
				GCC_DYNAMIC_NO_PIC = NO;
				GCC_NO_COMMON_BLOCKS = YES;
				GCC_OPTIMIZATION_LEVEL = 0;
				GCC_PREPROCESSOR_DEFINITIONS = (
					"DEBUG=1",
					"$(inherited)",
				);
				GCC_WARN_64_TO_32_BIT_CONVERSION = YES;
				GCC_WARN_ABOUT_RETURN_TYPE = YES_ERROR;
				GCC_WARN_UNDECLARED_SELECTOR = YES;
				GCC_WARN_UNINITIALIZED_AUTOS = YES_AGGRESSIVE;
				GCC_WARN_UNUSED_FUNCTION = YES;
				GCC_WARN_UNUSED_VARIABLE = YES;
				IPHONEOS_DEPLOYMENT_TARGET = 14.3;
				MTL_ENABLE_DEBUG_INFO = INCLUDE_SOURCE;
				MTL_FAST_MATH = YES;
				ONLY_ACTIVE_ARCH = YES;
				SDKROOT = iphoneos;
				SWIFT_ACTIVE_COMPILATION_CONDITIONS = DEBUG;
				SWIFT_OPTIMIZATION_LEVEL = "-Onone";
			};
			name = Debug;
		};
		B029CDC426A4A8FE00334515 /* Release */ = {
			isa = XCBuildConfiguration;
			buildSettings = {
				ALWAYS_SEARCH_USER_PATHS = NO;
				CLANG_ANALYZER_NONNULL = YES;
				CLANG_ANALYZER_NUMBER_OBJECT_CONVERSION = YES_AGGRESSIVE;
				CLANG_CXX_LANGUAGE_STANDARD = "gnu++14";
				CLANG_CXX_LIBRARY = "libc++";
				CLANG_ENABLE_MODULES = YES;
				CLANG_ENABLE_OBJC_ARC = YES;
				CLANG_ENABLE_OBJC_WEAK = YES;
				CLANG_WARN_BLOCK_CAPTURE_AUTORELEASING = YES;
				CLANG_WARN_BOOL_CONVERSION = YES;
				CLANG_WARN_COMMA = YES;
				CLANG_WARN_CONSTANT_CONVERSION = YES;
				CLANG_WARN_DEPRECATED_OBJC_IMPLEMENTATIONS = YES;
				CLANG_WARN_DIRECT_OBJC_ISA_USAGE = YES_ERROR;
				CLANG_WARN_DOCUMENTATION_COMMENTS = YES;
				CLANG_WARN_EMPTY_BODY = YES;
				CLANG_WARN_ENUM_CONVERSION = YES;
				CLANG_WARN_INFINITE_RECURSION = YES;
				CLANG_WARN_INT_CONVERSION = YES;
				CLANG_WARN_NON_LITERAL_NULL_CONVERSION = YES;
				CLANG_WARN_OBJC_IMPLICIT_RETAIN_SELF = YES;
				CLANG_WARN_OBJC_LITERAL_CONVERSION = YES;
				CLANG_WARN_OBJC_ROOT_CLASS = YES_ERROR;
				CLANG_WARN_QUOTED_INCLUDE_IN_FRAMEWORK_HEADER = YES;
				CLANG_WARN_RANGE_LOOP_ANALYSIS = YES;
				CLANG_WARN_STRICT_PROTOTYPES = YES;
				CLANG_WARN_SUSPICIOUS_MOVE = YES;
				CLANG_WARN_UNGUARDED_AVAILABILITY = YES_AGGRESSIVE;
				CLANG_WARN_UNREACHABLE_CODE = YES;
				CLANG_WARN__DUPLICATE_METHOD_MATCH = YES;
				COPY_PHASE_STRIP = NO;
				DEBUG_INFORMATION_FORMAT = "dwarf-with-dsym";
				ENABLE_NS_ASSERTIONS = NO;
				ENABLE_STRICT_OBJC_MSGSEND = YES;
				GCC_C_LANGUAGE_STANDARD = gnu11;
				GCC_NO_COMMON_BLOCKS = YES;
				GCC_WARN_64_TO_32_BIT_CONVERSION = YES;
				GCC_WARN_ABOUT_RETURN_TYPE = YES_ERROR;
				GCC_WARN_UNDECLARED_SELECTOR = YES;
				GCC_WARN_UNINITIALIZED_AUTOS = YES_AGGRESSIVE;
				GCC_WARN_UNUSED_FUNCTION = YES;
				GCC_WARN_UNUSED_VARIABLE = YES;
				IPHONEOS_DEPLOYMENT_TARGET = 14.3;
				MTL_ENABLE_DEBUG_INFO = NO;
				MTL_FAST_MATH = YES;
				SDKROOT = iphoneos;
				SWIFT_COMPILATION_MODE = wholemodule;
				SWIFT_OPTIMIZATION_LEVEL = "-O";
				VALIDATE_PRODUCT = YES;
			};
			name = Release;
		};
		B029CDC626A4A8FE00334515 /* Debug */ = {
			isa = XCBuildConfiguration;
			baseConfigurationReference = 225312972E37B1CACBBC9C9A /* Pods-Musickify.debug.xcconfig */;
			buildSettings = {
				ASSETCATALOG_COMPILER_APPICON_NAME = AppIcon;
				ASSETCATALOG_COMPILER_GLOBAL_ACCENT_COLOR_NAME = AccentColor;
				CODE_SIGN_STYLE = Automatic;
				DEVELOPMENT_TEAM = D35DBJP2M6;
				INFOPLIST_FILE = Musickify/Info.plist;
				LD_RUNPATH_SEARCH_PATHS = (
					"$(inherited)",
					"@executable_path/Frameworks",
				);
				PRODUCT_BUNDLE_IDENTIFIER = com.codedprof.Musickify;
				PRODUCT_NAME = "$(TARGET_NAME)";
				SWIFT_VERSION = 5.0;
				TARGETED_DEVICE_FAMILY = "1,2";
			};
			name = Debug;
		};
		B029CDC726A4A8FE00334515 /* Release */ = {
			isa = XCBuildConfiguration;
			baseConfigurationReference = 744D78D74179DD0C45055322 /* Pods-Musickify.release.xcconfig */;
			buildSettings = {
				ASSETCATALOG_COMPILER_APPICON_NAME = AppIcon;
				ASSETCATALOG_COMPILER_GLOBAL_ACCENT_COLOR_NAME = AccentColor;
				CODE_SIGN_STYLE = Automatic;
				DEVELOPMENT_TEAM = D35DBJP2M6;
				INFOPLIST_FILE = Musickify/Info.plist;
				LD_RUNPATH_SEARCH_PATHS = (
					"$(inherited)",
					"@executable_path/Frameworks",
				);
				PRODUCT_BUNDLE_IDENTIFIER = com.codedprof.Musickify;
				PRODUCT_NAME = "$(TARGET_NAME)";
				SWIFT_VERSION = 5.0;
				TARGETED_DEVICE_FAMILY = "1,2";
			};
			name = Release;
		};
		B029CDC926A4A8FE00334515 /* Debug */ = {
			isa = XCBuildConfiguration;
			baseConfigurationReference = 9FF5F287A3182AA0B3CC8984 /* Pods-MusickifyTests.debug.xcconfig */;
			buildSettings = {
				ALWAYS_EMBED_SWIFT_STANDARD_LIBRARIES = YES;
				BUNDLE_LOADER = "$(TEST_HOST)";
				CODE_SIGN_STYLE = Automatic;
				DEVELOPMENT_TEAM = D35DBJP2M6;
				INFOPLIST_FILE = MusickifyTests/Info.plist;
				IPHONEOS_DEPLOYMENT_TARGET = 14.3;
				LD_RUNPATH_SEARCH_PATHS = (
					"$(inherited)",
					"@executable_path/Frameworks",
					"@loader_path/Frameworks",
				);
				PRODUCT_BUNDLE_IDENTIFIER = com.codedprof.MusickifyTests;
				PRODUCT_NAME = "$(TARGET_NAME)";
				SWIFT_VERSION = 5.0;
				TARGETED_DEVICE_FAMILY = "1,2";
				TEST_HOST = "$(BUILT_PRODUCTS_DIR)/Musickify.app/Musickify";
			};
			name = Debug;
		};
		B029CDCA26A4A8FE00334515 /* Release */ = {
			isa = XCBuildConfiguration;
			baseConfigurationReference = 3A1E4089FDF1BA5D48B3810E /* Pods-MusickifyTests.release.xcconfig */;
			buildSettings = {
				ALWAYS_EMBED_SWIFT_STANDARD_LIBRARIES = YES;
				BUNDLE_LOADER = "$(TEST_HOST)";
				CODE_SIGN_STYLE = Automatic;
				DEVELOPMENT_TEAM = D35DBJP2M6;
				INFOPLIST_FILE = MusickifyTests/Info.plist;
				IPHONEOS_DEPLOYMENT_TARGET = 14.3;
				LD_RUNPATH_SEARCH_PATHS = (
					"$(inherited)",
					"@executable_path/Frameworks",
					"@loader_path/Frameworks",
				);
				PRODUCT_BUNDLE_IDENTIFIER = com.codedprof.MusickifyTests;
				PRODUCT_NAME = "$(TARGET_NAME)";
				SWIFT_VERSION = 5.0;
				TARGETED_DEVICE_FAMILY = "1,2";
				TEST_HOST = "$(BUILT_PRODUCTS_DIR)/Musickify.app/Musickify";
			};
			name = Release;
		};
		B029CDCC26A4A8FE00334515 /* Debug */ = {
			isa = XCBuildConfiguration;
			baseConfigurationReference = D0E01D163EF2C343D24F3A11 /* Pods-Musickify-MusickifyUITests.debug.xcconfig */;
			buildSettings = {
				ALWAYS_EMBED_SWIFT_STANDARD_LIBRARIES = YES;
				CODE_SIGN_STYLE = Automatic;
				DEVELOPMENT_TEAM = D35DBJP2M6;
				INFOPLIST_FILE = MusickifyUITests/Info.plist;
				LD_RUNPATH_SEARCH_PATHS = (
					"$(inherited)",
					"@executable_path/Frameworks",
					"@loader_path/Frameworks",
				);
				PRODUCT_BUNDLE_IDENTIFIER = com.codedprof.MusickifyUITests;
				PRODUCT_NAME = "$(TARGET_NAME)";
				SWIFT_VERSION = 5.0;
				TARGETED_DEVICE_FAMILY = "1,2";
				TEST_TARGET_NAME = Musickify;
			};
			name = Debug;
		};
		B029CDCD26A4A8FE00334515 /* Release */ = {
			isa = XCBuildConfiguration;
			baseConfigurationReference = F75C5DC5D546C63CA365C142 /* Pods-Musickify-MusickifyUITests.release.xcconfig */;
			buildSettings = {
				ALWAYS_EMBED_SWIFT_STANDARD_LIBRARIES = YES;
				CODE_SIGN_STYLE = Automatic;
				DEVELOPMENT_TEAM = D35DBJP2M6;
				INFOPLIST_FILE = MusickifyUITests/Info.plist;
				LD_RUNPATH_SEARCH_PATHS = (
					"$(inherited)",
					"@executable_path/Frameworks",
					"@loader_path/Frameworks",
				);
				PRODUCT_BUNDLE_IDENTIFIER = com.codedprof.MusickifyUITests;
				PRODUCT_NAME = "$(TARGET_NAME)";
				SWIFT_VERSION = 5.0;
				TARGETED_DEVICE_FAMILY = "1,2";
				TEST_TARGET_NAME = Musickify;
			};
			name = Release;
		};
/* End XCBuildConfiguration section */

/* Begin XCConfigurationList section */
		B029CD9626A4A8FB00334515 /* Build configuration list for PBXProject "Musickify" */ = {
			isa = XCConfigurationList;
			buildConfigurations = (
				B029CDC326A4A8FE00334515 /* Debug */,
				B029CDC426A4A8FE00334515 /* Release */,
			);
			defaultConfigurationIsVisible = 0;
			defaultConfigurationName = Release;
		};
		B029CDC526A4A8FE00334515 /* Build configuration list for PBXNativeTarget "Musickify" */ = {
			isa = XCConfigurationList;
			buildConfigurations = (
				B029CDC626A4A8FE00334515 /* Debug */,
				B029CDC726A4A8FE00334515 /* Release */,
			);
			defaultConfigurationIsVisible = 0;
			defaultConfigurationName = Release;
		};
		B029CDC826A4A8FE00334515 /* Build configuration list for PBXNativeTarget "MusickifyTests" */ = {
			isa = XCConfigurationList;
			buildConfigurations = (
				B029CDC926A4A8FE00334515 /* Debug */,
				B029CDCA26A4A8FE00334515 /* Release */,
			);
			defaultConfigurationIsVisible = 0;
			defaultConfigurationName = Release;
		};
		B029CDCB26A4A8FE00334515 /* Build configuration list for PBXNativeTarget "MusickifyUITests" */ = {
			isa = XCConfigurationList;
			buildConfigurations = (
				B029CDCC26A4A8FE00334515 /* Debug */,
				B029CDCD26A4A8FE00334515 /* Release */,
			);
			defaultConfigurationIsVisible = 0;
			defaultConfigurationName = Release;
		};
/* End XCConfigurationList section */
	};
	rootObject = B029CD9326A4A8FB00334515 /* Project object */;
}
